
Microsoft Visual Studio Solution File, Format Version 12.00
# Visual Studio Version 17
VisualStudioVersion = 17.0.31903.59
MinimumVisualStudioVersion = 10.0.40219.1
Project("{9A19103F-16F7-4668-BE54-9A1E7A4F7556}") = "backend", "backend.csproj", "{29A74A1F-D5FE-4D3B-90C5-EC04E1636733}"
EndProject
Project("{FAE04EC0-301F-11D3-BF4B-00C04F79EFBC}") = "Furion.Database.Migrations", "..\Furion.Database.Migrations\Furion.Database.Migrations.csproj", "{C44FB3A6-33B8-4A58-925B-1F29DAB28AE6}"
EndProject
Global
	GlobalSection(SolutionConfigurationPlatforms) = preSolution
		Debug|Any CPU = Debug|Any CPU
		Release|Any CPU = Release|Any CPU
	EndGlobalSection
	GlobalSection(ProjectConfigurationPlatforms) = postSolution
		{29A74A1F-D5FE-4D3B-90C5-EC04E1636733}.Debug|Any CPU.ActiveCfg = Debug|Any CPU
		{29A74A1F-D5FE-4D3B-90C5-EC04E1636733}.Debug|Any CPU.Build.0 = Debug|Any CPU
		{29A74A1F-D5FE-4D3B-90C5-EC04E1636733}.Release|Any CPU.ActiveCfg = Release|Any CPU
		{29A74A1F-D5FE-4D3B-90C5-EC04E1636733}.Release|Any CPU.Build.0 = Release|Any CPU
		{C44FB3A6-33B8-4A58-925B-1F29DAB28AE6}.Debug|Any CPU.ActiveCfg = Debug|Any CPU
		{C44FB3A6-33B8-4A58-925B-1F29DAB28AE6}.Debug|Any CPU.Build.0 = Debug|Any CPU
		{C44FB3A6-33B8-4A58-925B-1F29DAB28AE6}.Release|Any CPU.ActiveCfg = Release|Any CPU
		{C44FB3A6-33B8-4A58-925B-1F29DAB28AE6}.Release|Any CPU.Build.0 = Release|Any CPU
	EndGlobalSection
	GlobalSection(SolutionProperties) = preSolution
		HideSolutionNode = FALSE
	EndGlobalSection
	GlobalSection(ExtensibilityGlobals) = postSolution
		SolutionGuid = {B9336618-6EE9-4F66-AFE4-C0F47599FC0E}
	EndGlobalSection
EndGlobal
